{
    "name": "apee-fanyi",
    "version": "1.0.0",
    "lockfileVersion": 2,
    "requires": true,
    "packages": {
        "": {
            "name": "apee-fanyi",
            "version": "1.0.0",
            "license": "ISC",
            "dependencies": {
                "ponconjs": "^1.1.6"
            }
        },
        "node_modules/ponconjs": {
            "version": "1.1.6",
            "resolved": "https://registry.npmjs.org/ponconjs/-/ponconjs-1.1.6.tgz",
            "integrity": "sha512-6uDDExpMA8TGprT/qNCXLiabvGgZkwu9NZigvsAeYRrsVQgjpsLBAx2HG/MNmiIzbIR2iy+fUPfJSbEfjb5iNA=="
        }
    },
    "dependencies": {
        "ponconjs": {
            "version": "1.1.6",
            "resolved": "https://registry.npmjs.org/ponconjs/-/ponconjs-1.1.6.tgz",
            "integrity": "sha512-6uDDExpMA8TGprT/qNCXLiabvGgZkwu9NZigvsAeYRrsVQgjpsLBAx2HG/MNmiIzbIR2iy+fUPfJSbEfjb5iNA=="
        }
    }
}
